
Microsoft Visual Studio Solution File, Format Version 12.00
# Visual Studio 15
VisualStudioVersion = 15.0.28307.421
MinimumVisualStudioVersion = 10.0.40219.1
Project("{FAE04EC0-301F-11D3-BF4B-00C04F79EFBC}") = "Constructor", "Constructor\Constructor.csproj", "{9558A994-BCC6-4B84-902C-7421EAB92B5A}"
EndProject
Global
	GlobalSection(SolutionConfigurationPlatforms) = preSolution
		Debug|Any CPU = Debug|Any CPU
		Release|Any CPU = Release|Any CPU
	EndGlobalSection
	GlobalSection(ProjectConfigurationPlatforms) = postSolution
		{9558A994-BCC6-4B84-902C-7421EAB92B5A}.Debug|Any CPU.ActiveCfg = Debug|Any CPU
		{9558A994-BCC6-4B84-902C-7421EAB92B5A}.Debug|Any CPU.Build.0 = Debug|Any CPU
		{9558A994-BCC6-4B84-902C-7421EAB92B5A}.Release|Any CPU.ActiveCfg = Release|Any CPU
		{9558A994-BCC6-4B84-902C-7421EAB92B5A}.Release|Any CPU.Build.0 = Release|Any CPU
	EndGlobalSection
	GlobalSection(SolutionProperties) = preSolution
		HideSolutionNode = FALSE
	EndGlobalSection
	GlobalSection(ExtensibilityGlobals) = postSolution
		SolutionGuid = {F73370B6-F2EA-4F15-9BEB-D369709004CE}
	EndGlobalSection
EndGlobal
